
Microsoft Visual Studio Solution File, Format Version 12.00
# Visual Studio Version 17
VisualStudioVersion = 17.8.34330.188
MinimumVisualStudioVersion = 10.0.40219.1
Project("{FAE04EC0-301F-11D3-BF4B-00C04F79EFBC}") = "DataAccess", "DataAccess\DataAccess.csproj", "{2DABC6E6-0B77-4B7C-A618-B58841C4F63F}"
EndProject
Project("{FAE04EC0-301F-11D3-BF4B-00C04F79EFBC}") = "SakilaConsoleApp", "SakilaConsoleApp\SakilaConsoleApp.csproj", "{6C04DC4E-B508-4B0B-A81E-183A782CDE92}"
EndProject
Global
	GlobalSection(SolutionConfigurationPlatforms) = preSolution
		Debug|Any CPU = Debug|Any CPU
		Release|Any CPU = Release|Any CPU
	EndGlobalSection
	GlobalSection(ProjectConfigurationPlatforms) = postSolution
		{2DABC6E6-0B77-4B7C-A618-B58841C4F63F}.Debug|Any CPU.ActiveCfg = Debug|Any CPU
		{2DABC6E6-0B77-4B7C-A618-B58841C4F63F}.Debug|Any CPU.Build.0 = Debug|Any CPU
		{2DABC6E6-0B77-4B7C-A618-B58841C4F63F}.Release|Any CPU.ActiveCfg = Release|Any CPU
		{2DABC6E6-0B77-4B7C-A618-B58841C4F63F}.Release|Any CPU.Build.0 = Release|Any CPU
		{6C04DC4E-B508-4B0B-A81E-183A782CDE92}.Debug|Any CPU.ActiveCfg = Debug|Any CPU
		{6C04DC4E-B508-4B0B-A81E-183A782CDE92}.Debug|Any CPU.Build.0 = Debug|Any CPU
		{6C04DC4E-B508-4B0B-A81E-183A782CDE92}.Release|Any CPU.ActiveCfg = Release|Any CPU
		{6C04DC4E-B508-4B0B-A81E-183A782CDE92}.Release|Any CPU.Build.0 = Release|Any CPU
	EndGlobalSection
	GlobalSection(SolutionProperties) = preSolution
		HideSolutionNode = FALSE
	EndGlobalSection
	GlobalSection(ExtensibilityGlobals) = postSolution
		SolutionGuid = {AC9E12A2-6242-46DA-B8A4-3052A71344C4}
	EndGlobalSection
EndGlobal
